
Microsoft Visual Studio Solution File, Format Version 12.00
# Visual Studio Version 17
VisualStudioVersion = 17.5.002.0
MinimumVisualStudioVersion = 10.0.40219.1
Project("{9A19103F-16F7-4668-BE54-9A1E7A4F7556}") = "CommandsService", "CommandsService.csproj", "{2F3CBFEB-E054-4E05-A147-358535392374}"
EndProject
Global
	GlobalSection(SolutionConfigurationPlatforms) = preSolution
		Debug|Any CPU = Debug|Any CPU
		Release|Any CPU = Release|Any CPU
	EndGlobalSection
	GlobalSection(ProjectConfigurationPlatforms) = postSolution
		{2F3CBFEB-E054-4E05-A147-358535392374}.Debug|Any CPU.ActiveCfg = Debug|Any CPU
		{2F3CBFEB-E054-4E05-A147-358535392374}.Debug|Any CPU.Build.0 = Debug|Any CPU
		{2F3CBFEB-E054-4E05-A147-358535392374}.Release|Any CPU.ActiveCfg = Release|Any CPU
		{2F3CBFEB-E054-4E05-A147-358535392374}.Release|Any CPU.Build.0 = Release|Any CPU
	EndGlobalSection
	GlobalSection(SolutionProperties) = preSolution
		HideSolutionNode = FALSE
	EndGlobalSection
	GlobalSection(ExtensibilityGlobals) = postSolution
		SolutionGuid = {C08FD744-626B-4B19-8534-390A3BE6468F}
	EndGlobalSection
EndGlobal
